
Microsoft Visual Studio Solution File, Format Version 12.00
# Visual Studio 15
VisualStudioVersion = 15.0.27703.2035
MinimumVisualStudioVersion = 10.0.40219.1
Project("{8BC9CEB8-8B4A-11D0-8D11-00A0C91BC942}") = "Juice", "Juice\Juice.vcxproj", "{29E12D60-BC8A-4FDC-BBFB-0D48E2988F50}"
EndProject
Global
	GlobalSection(SolutionConfigurationPlatforms) = preSolution
		Debug|x64 = Debug|x64
		Debug|x86 = Debug|x86
		Release|x64 = Release|x64
		Release|x86 = Release|x86
	EndGlobalSection
	GlobalSection(ProjectConfigurationPlatforms) = postSolution
		{29E12D60-BC8A-4FDC-BBFB-0D48E2988F50}.Debug|x64.ActiveCfg = Debug|x64
		{29E12D60-BC8A-4FDC-BBFB-0D48E2988F50}.Debug|x64.Build.0 = Debug|x64
		{29E12D60-BC8A-4FDC-BBFB-0D48E2988F50}.Debug|x86.ActiveCfg = Debug|Win32
		{29E12D60-BC8A-4FDC-BBFB-0D48E2988F50}.Debug|x86.Build.0 = Debug|Win32
		{29E12D60-BC8A-4FDC-BBFB-0D48E2988F50}.Release|x64.ActiveCfg = Release|x64
		{29E12D60-BC8A-4FDC-BBFB-0D48E2988F50}.Release|x64.Build.0 = Release|x64
		{29E12D60-BC8A-4FDC-BBFB-0D48E2988F50}.Release|x86.ActiveCfg = Release|Win32
		{29E12D60-BC8A-4FDC-BBFB-0D48E2988F50}.Release|x86.Build.0 = Release|Win32
	EndGlobalSection
	GlobalSection(SolutionProperties) = preSolution
		HideSolutionNode = FALSE
	EndGlobalSection
	GlobalSection(ExtensibilityGlobals) = postSolution
		SolutionGuid = {E75A1892-CABD-4F10-8E80-F8B1CF29B47C}
	EndGlobalSection
EndGlobal
