
Microsoft Visual Studio Solution File, Format Version 12.00
# Visual Studio 15
VisualStudioVersion = 15.0.27703.2035
MinimumVisualStudioVersion = 10.0.40219.1
Project("{8BC9CEB8-8B4A-11D0-8D11-00A0C91BC942}") = "Age Program", "Age Program\Age Program.vcxproj", "{518C50BA-AAAC-4040-9118-D6D3E4FB8CBB}"
EndProject
Global
	GlobalSection(SolutionConfigurationPlatforms) = preSolution
		Debug|x64 = Debug|x64
		Debug|x86 = Debug|x86
		Release|x64 = Release|x64
		Release|x86 = Release|x86
	EndGlobalSection
	GlobalSection(ProjectConfigurationPlatforms) = postSolution
		{518C50BA-AAAC-4040-9118-D6D3E4FB8CBB}.Debug|x64.ActiveCfg = Debug|x64
		{518C50BA-AAAC-4040-9118-D6D3E4FB8CBB}.Debug|x64.Build.0 = Debug|x64
		{518C50BA-AAAC-4040-9118-D6D3E4FB8CBB}.Debug|x86.ActiveCfg = Debug|Win32
		{518C50BA-AAAC-4040-9118-D6D3E4FB8CBB}.Debug|x86.Build.0 = Debug|Win32
		{518C50BA-AAAC-4040-9118-D6D3E4FB8CBB}.Release|x64.ActiveCfg = Release|x64
		{518C50BA-AAAC-4040-9118-D6D3E4FB8CBB}.Release|x64.Build.0 = Release|x64
		{518C50BA-AAAC-4040-9118-D6D3E4FB8CBB}.Release|x86.ActiveCfg = Release|Win32
		{518C50BA-AAAC-4040-9118-D6D3E4FB8CBB}.Release|x86.Build.0 = Release|Win32
	EndGlobalSection
	GlobalSection(SolutionProperties) = preSolution
		HideSolutionNode = FALSE
	EndGlobalSection
	GlobalSection(ExtensibilityGlobals) = postSolution
		SolutionGuid = {C26A3DC3-B8DA-4836-AC88-928734DA49BE}
	EndGlobalSection
EndGlobal
