
Microsoft Visual Studio Solution File, Format Version 12.00
# Visual Studio 15
VisualStudioVersion = 15.0.27703.2035
MinimumVisualStudioVersion = 10.0.40219.1
Project("{8BC9CEB8-8B4A-11D0-8D11-00A0C91BC942}") = "Buggy", "Buggy\Buggy.vcxproj", "{022115F6-1D41-471C-9187-BB8127822836}"
EndProject
Global
	GlobalSection(SolutionConfigurationPlatforms) = preSolution
		Debug|x64 = Debug|x64
		Debug|x86 = Debug|x86
		Release|x64 = Release|x64
		Release|x86 = Release|x86
	EndGlobalSection
	GlobalSection(ProjectConfigurationPlatforms) = postSolution
		{022115F6-1D41-471C-9187-BB8127822836}.Debug|x64.ActiveCfg = Debug|x64
		{022115F6-1D41-471C-9187-BB8127822836}.Debug|x64.Build.0 = Debug|x64
		{022115F6-1D41-471C-9187-BB8127822836}.Debug|x86.ActiveCfg = Debug|Win32
		{022115F6-1D41-471C-9187-BB8127822836}.Debug|x86.Build.0 = Debug|Win32
		{022115F6-1D41-471C-9187-BB8127822836}.Release|x64.ActiveCfg = Release|x64
		{022115F6-1D41-471C-9187-BB8127822836}.Release|x64.Build.0 = Release|x64
		{022115F6-1D41-471C-9187-BB8127822836}.Release|x86.ActiveCfg = Release|Win32
		{022115F6-1D41-471C-9187-BB8127822836}.Release|x86.Build.0 = Release|Win32
	EndGlobalSection
	GlobalSection(SolutionProperties) = preSolution
		HideSolutionNode = FALSE
	EndGlobalSection
	GlobalSection(ExtensibilityGlobals) = postSolution
		SolutionGuid = {9941DDC8-059A-461E-BB8E-711B1E84ED17}
	EndGlobalSection
EndGlobal
